// !$*UTF8*$!
{
	archiveVersion = 1;
	classes = {
	};
	objectVersion = 56;
	objects = {

/* Begin PBXBuildFile section */
		39D9C0992A955F1400060665 /* ShadowsocksClientApp.swift in Sources */ = {isa = PBXBuildFile; fileRef = 39D9C0982A955F1400060665 /* ShadowsocksClientApp.swift */; };
		39D9C09F2A955F1600060665 /* Assets.xcassets in Resources */ = {isa = PBXBuildFile; fileRef = 39D9C09E2A955F1600060665 /* Assets.xcassets */; };
		39D9C0A32A955F1600060665 /* Preview Assets.xcassets in Resources */ = {isa = PBXBuildFile; fileRef = 39D9C0A22A955F1600060665 /* Preview Assets.xcassets */; };
		39D9C0AE2A955F1600060665 /* ShadowsocksClientTests.swift in Sources */ = {isa = PBXBuildFile; fileRef = 39D9C0AD2A955F1600060665 /* ShadowsocksClientTests.swift */; };
		39D9C0B82A955F1600060665 /* ShadowsocksClientUITests.swift in Sources */ = {isa = PBXBuildFile; fileRef = 39D9C0B72A955F1600060665 /* ShadowsocksClientUITests.swift */; };
		39D9C0BA2A955F1600060665 /* ShadowsocksClientUITestsLaunchTests.swift in Sources */ = {isa = PBXBuildFile; fileRef = 39D9C0B92A955F1600060665 /* ShadowsocksClientUITestsLaunchTests.swift */; };
		39D9C0C82A96B03000060665 /* MainView.swift in Sources */ = {isa = PBXBuildFile; fileRef = 39D9C0C72A96B03000060665 /* MainView.swift */; };
		39D9C0CA2A96C00F00060665 /* Server.swift in Sources */ = {isa = PBXBuildFile; fileRef = 39D9C0C92A96C00F00060665 /* Server.swift */; };
		39D9C0CC2A96C08A00060665 /* EditServerView.swift in Sources */ = {isa = PBXBuildFile; fileRef = 39D9C0CB2A96C08A00060665 /* EditServerView.swift */; };
		39D9C0CE2A9802A900060665 /* ServerListView.swift in Sources */ = {isa = PBXBuildFile; fileRef = 39D9C0CD2A9802A900060665 /* ServerListView.swift */; };
/* End PBXBuildFile section */

/* Begin PBXContainerItemProxy section */
		39D9C0AA2A955F1600060665 /* PBXContainerItemProxy */ = {
			isa = PBXContainerItemProxy;
			containerPortal = 39D9C08D2A955F1400060665 /* Project object */;
			proxyType = 1;
			remoteGlobalIDString = 39D9C0942A955F1400060665;
			remoteInfo = ShadowsocksClient;
		};
		39D9C0B42A955F1600060665 /* PBXContainerItemProxy */ = {
			isa = PBXContainerItemProxy;
			containerPortal = 39D9C08D2A955F1400060665 /* Project object */;
			proxyType = 1;
			remoteGlobalIDString = 39D9C0942A955F1400060665;
			remoteInfo = ShadowsocksClient;
		};
/* End PBXContainerItemProxy section */

/* Begin PBXFileReference section */
		39D9C0952A955F1400060665 /* ShadowsocksClient.app */ = {isa = PBXFileReference; explicitFileType = wrapper.application; includeInIndex = 0; path = ShadowsocksClient.app; sourceTree = BUILT_PRODUCTS_DIR; };
		39D9C0982A955F1400060665 /* ShadowsocksClientApp.swift */ = {isa = PBXFileReference; lastKnownFileType = sourcecode.swift; path = ShadowsocksClientApp.swift; sourceTree = "<group>"; };
		39D9C09E2A955F1600060665 /* Assets.xcassets */ = {isa = PBXFileReference; lastKnownFileType = folder.assetcatalog; path = Assets.xcassets; sourceTree = "<group>"; };
		39D9C0A02A955F1600060665 /* ShadowsocksClient.entitlements */ = {isa = PBXFileReference; lastKnownFileType = text.plist.entitlements; path = ShadowsocksClient.entitlements; sourceTree = "<group>"; };
		39D9C0A22A955F1600060665 /* Preview Assets.xcassets */ = {isa = PBXFileReference; lastKnownFileType = folder.assetcatalog; path = "Preview Assets.xcassets"; sourceTree = "<group>"; };
		39D9C0A42A955F1600060665 /* Info.plist */ = {isa = PBXFileReference; lastKnownFileType = text.plist.xml; path = Info.plist; sourceTree = "<group>"; };
		39D9C0A92A955F1600060665 /* ShadowsocksClientTests.xctest */ = {isa = PBXFileReference; explicitFileType = wrapper.cfbundle; includeInIndex = 0; path = ShadowsocksClientTests.xctest; sourceTree = BUILT_PRODUCTS_DIR; };
		39D9C0AD2A955F1600060665 /* ShadowsocksClientTests.swift */ = {isa = PBXFileReference; lastKnownFileType = sourcecode.swift; path = ShadowsocksClientTests.swift; sourceTree = "<group>"; };
		39D9C0B32A955F1600060665 /* ShadowsocksClientUITests.xctest */ = {isa = PBXFileReference; explicitFileType = wrapper.cfbundle; includeInIndex = 0; path = ShadowsocksClientUITests.xctest; sourceTree = BUILT_PRODUCTS_DIR; };
		39D9C0B72A955F1600060665 /* ShadowsocksClientUITests.swift */ = {isa = PBXFileReference; lastKnownFileType = sourcecode.swift; path = ShadowsocksClientUITests.swift; sourceTree = "<group>"; };
		39D9C0B92A955F1600060665 /* ShadowsocksClientUITestsLaunchTests.swift */ = {isa = PBXFileReference; lastKnownFileType = sourcecode.swift; path = ShadowsocksClientUITestsLaunchTests.swift; sourceTree = "<group>"; };
		39D9C0C72A96B03000060665 /* MainView.swift */ = {isa = PBXFileReference; lastKnownFileType = sourcecode.swift; path = MainView.swift; sourceTree = SOURCE_ROOT; };
		39D9C0C92A96C00F00060665 /* Server.swift */ = {isa = PBXFileReference; lastKnownFileType = sourcecode.swift; path = Server.swift; sourceTree = "<group>"; };
		39D9C0CB2A96C08A00060665 /* EditServerView.swift */ = {isa = PBXFileReference; lastKnownFileType = sourcecode.swift; path = EditServerView.swift; sourceTree = "<group>"; };
		39D9C0CD2A9802A900060665 /* ServerListView.swift */ = {isa = PBXFileReference; lastKnownFileType = sourcecode.swift; path = ServerListView.swift; sourceTree = "<group>"; };
/* End PBXFileReference section */

/* Begin PBXFrameworksBuildPhase section */
		39D9C0922A955F1400060665 /* Frameworks */ = {
			isa = PBXFrameworksBuildPhase;
			buildActionMask = 2147483647;
			files = (
			);
			runOnlyForDeploymentPostprocessing = 0;
		};
		39D9C0A62A955F1600060665 /* Frameworks */ = {
			isa = PBXFrameworksBuildPhase;
			buildActionMask = 2147483647;
			files = (
			);
			runOnlyForDeploymentPostprocessing = 0;
		};
		39D9C0B02A955F1600060665 /* Frameworks */ = {
			isa = PBXFrameworksBuildPhase;
			buildActionMask = 2147483647;
			files = (
			);
			runOnlyForDeploymentPostprocessing = 0;
		};
/* End PBXFrameworksBuildPhase section */

/* Begin PBXGroup section */
		39D9C08C2A955F1400060665 = {
			isa = PBXGroup;
			children = (
				39D9C0972A955F1400060665 /* ShadowsocksClient */,
				39D9C0AC2A955F1600060665 /* ShadowsocksClientTests */,
				39D9C0B62A955F1600060665 /* ShadowsocksClientUITests */,
				39D9C0962A955F1400060665 /* Products */,
			);
			sourceTree = "<group>";
		};
		39D9C0962A955F1400060665 /* Products */ = {
			isa = PBXGroup;
			children = (
				39D9C0952A955F1400060665 /* ShadowsocksClient.app */,
				39D9C0A92A955F1600060665 /* ShadowsocksClientTests.xctest */,
				39D9C0B32A955F1600060665 /* ShadowsocksClientUITests.xctest */,
			);
			name = Products;
			sourceTree = "<group>";
		};
		39D9C0972A955F1400060665 /* ShadowsocksClient */ = {
			isa = PBXGroup;
			children = (
				39D9C0CF2A9939F700060665 /* Models */,
				39D9C0C62A96B01500060665 /* Views */,
				39D9C0982A955F1400060665 /* ShadowsocksClientApp.swift */,
				39D9C09E2A955F1600060665 /* Assets.xcassets */,
				39D9C0A02A955F1600060665 /* ShadowsocksClient.entitlements */,
				39D9C0A42A955F1600060665 /* Info.plist */,
				39D9C0A12A955F1600060665 /* Preview Content */,
			);
			path = ShadowsocksClient;
			sourceTree = "<group>";
		};
		39D9C0A12A955F1600060665 /* Preview Content */ = {
			isa = PBXGroup;
			children = (
				39D9C0A22A955F1600060665 /* Preview Assets.xcassets */,
			);
			path = "Preview Content";
			sourceTree = "<group>";
		};
		39D9C0AC2A955F1600060665 /* ShadowsocksClientTests */ = {
			isa = PBXGroup;
			children = (
				39D9C0AD2A955F1600060665 /* ShadowsocksClientTests.swift */,
			);
			path = ShadowsocksClientTests;
			sourceTree = "<group>";
		};
		39D9C0B62A955F1600060665 /* ShadowsocksClientUITests */ = {
			isa = PBXGroup;
			children = (
				39D9C0B72A955F1600060665 /* ShadowsocksClientUITests.swift */,
				39D9C0B92A955F1600060665 /* ShadowsocksClientUITestsLaunchTests.swift */,
			);
			path = ShadowsocksClientUITests;
			sourceTree = "<group>";
		};
		39D9C0C62A96B01500060665 /* Views */ = {
			isa = PBXGroup;
			children = (
				39D9C0C72A96B03000060665 /* MainView.swift */,
				39D9C0CB2A96C08A00060665 /* EditServerView.swift */,
				39D9C0CD2A9802A900060665 /* ServerListView.swift */,
			);
			path = Views;
			sourceTree = "<group>";
		};
		39D9C0CF2A9939F700060665 /* Models */ = {
			isa = PBXGroup;
			children = (
				39D9C0C92A96C00F00060665 /* Server.swift */,
			);
			path = Models;
			sourceTree = "<group>";
		};
/* End PBXGroup section */

/* Begin PBXNativeTarget section */
		39D9C0942A955F1400060665 /* ShadowsocksClient */ = {
			isa = PBXNativeTarget;
			buildConfigurationList = 39D9C0BD2A955F1600060665 /* Build configuration list for PBXNativeTarget "ShadowsocksClient" */;
			buildPhases = (
				39D9C0912A955F1400060665 /* Sources */,
				39D9C0922A955F1400060665 /* Frameworks */,
				39D9C0932A955F1400060665 /* Resources */,
			);
			buildRules = (
			);
			dependencies = (
			);
			name = ShadowsocksClient;
			productName = ShadowsocksClient;
			productReference = 39D9C0952A955F1400060665 /* ShadowsocksClient.app */;
			productType = "com.apple.product-type.application";
		};
		39D9C0A82A955F1600060665 /* ShadowsocksClientTests */ = {
			isa = PBXNativeTarget;
			buildConfigurationList = 39D9C0C02A955F1600060665 /* Build configuration list for PBXNativeTarget "ShadowsocksClientTests" */;
			buildPhases = (
				39D9C0A52A955F1600060665 /* Sources */,
				39D9C0A62A955F1600060665 /* Frameworks */,
				39D9C0A72A955F1600060665 /* Resources */,
			);
			buildRules = (
			);
			dependencies = (
				39D9C0AB2A955F1600060665 /* PBXTargetDependency */,
			);
			name = ShadowsocksClientTests;
			productName = ShadowsocksClientTests;
			productReference = 39D9C0A92A955F1600060665 /* ShadowsocksClientTests.xctest */;
			productType = "com.apple.product-type.bundle.unit-test";
		};
		39D9C0B22A955F1600060665 /* ShadowsocksClientUITests */ = {
			isa = PBXNativeTarget;
			buildConfigurationList = 39D9C0C32A955F1600060665 /* Build configuration list for PBXNativeTarget "ShadowsocksClientUITests" */;
			buildPhases = (
				39D9C0AF2A955F1600060665 /* Sources */,
				39D9C0B02A955F1600060665 /* Frameworks */,
				39D9C0B12A955F1600060665 /* Resources */,
			);
			buildRules = (
			);
			dependencies = (
				39D9C0B52A955F1600060665 /* PBXTargetDependency */,
			);
			name = ShadowsocksClientUITests;
			productName = ShadowsocksClientUITests;
			productReference = 39D9C0B32A955F1600060665 /* ShadowsocksClientUITests.xctest */;
			productType = "com.apple.product-type.bundle.ui-testing";
		};
/* End PBXNativeTarget section */

/* Begin PBXProject section */
		39D9C08D2A955F1400060665 /* Project object */ = {
			isa = PBXProject;
			attributes = {
				BuildIndependentTargetsInParallel = 1;
				LastSwiftUpdateCheck = 1500;
				LastUpgradeCheck = 1500;
				TargetAttributes = {
					39D9C0942A955F1400060665 = {
						CreatedOnToolsVersion = 15.0;
					};
					39D9C0A82A955F1600060665 = {
						CreatedOnToolsVersion = 15.0;
						TestTargetID = 39D9C0942A955F1400060665;
					};
					39D9C0B22A955F1600060665 = {
						CreatedOnToolsVersion = 15.0;
						TestTargetID = 39D9C0942A955F1400060665;
					};
				};
			};
			buildConfigurationList = 39D9C0902A955F1400060665 /* Build configuration list for PBXProject "ShadowsocksClient" */;
			compatibilityVersion = "Xcode 14.0";
			developmentRegion = en;
			hasScannedForEncodings = 0;
			knownRegions = (
				en,
				Base,
			);
			mainGroup = 39D9C08C2A955F1400060665;
			productRefGroup = 39D9C0962A955F1400060665 /* Products */;
			projectDirPath = "";
			projectRoot = "";
			targets = (
				39D9C0942A955F1400060665 /* ShadowsocksClient */,
				39D9C0A82A955F1600060665 /* ShadowsocksClientTests */,
				39D9C0B22A955F1600060665 /* ShadowsocksClientUITests */,
			);
		};
/* End PBXProject section */

/* Begin PBXResourcesBuildPhase section */
		39D9C0932A955F1400060665 /* Resources */ = {
			isa = PBXResourcesBuildPhase;
			buildActionMask = 2147483647;
			files = (
				39D9C0A32A955F1600060665 /* Preview Assets.xcassets in Resources */,
				39D9C09F2A955F1600060665 /* Assets.xcassets in Resources */,
			);
			runOnlyForDeploymentPostprocessing = 0;
		};
		39D9C0A72A955F1600060665 /* Resources */ = {
			isa = PBXResourcesBuildPhase;
			buildActionMask = 2147483647;
			files = (
			);
			runOnlyForDeploymentPostprocessing = 0;
		};
		39D9C0B12A955F1600060665 /* Resources */ = {
			isa = PBXResourcesBuildPhase;
			buildActionMask = 2147483647;
			files = (
			);
			runOnlyForDeploymentPostprocessing = 0;
		};
/* End PBXResourcesBuildPhase section */

/* Begin PBXSourcesBuildPhase section */
		39D9C0912A955F1400060665 /* Sources */ = {
			isa = PBXSourcesBuildPhase;
			buildActionMask = 2147483647;
			files = (
				39D9C0CA2A96C00F00060665 /* Server.swift in Sources */,
				39D9C0CC2A96C08A00060665 /* EditServerView.swift in Sources */,
				39D9C0CE2A9802A900060665 /* ServerListView.swift in Sources */,
				39D9C0C82A96B03000060665 /* MainView.swift in Sources */,
				39D9C0992A955F1400060665 /* ShadowsocksClientApp.swift in Sources */,
			);
			runOnlyForDeploymentPostprocessing = 0;
		};
		39D9C0A52A955F1600060665 /* Sources */ = {
			isa = PBXSourcesBuildPhase;
			buildActionMask = 2147483647;
			files = (
				39D9C0AE2A955F1600060665 /* ShadowsocksClientTests.swift in Sources */,
			);
			runOnlyForDeploymentPostprocessing = 0;
		};
		39D9C0AF2A955F1600060665 /* Sources */ = {
			isa = PBXSourcesBuildPhase;
			buildActionMask = 2147483647;
			files = (
				39D9C0B82A955F1600060665 /* ShadowsocksClientUITests.swift in Sources */,
				39D9C0BA2A955F1600060665 /* ShadowsocksClientUITestsLaunchTests.swift in Sources */,
			);
			runOnlyForDeploymentPostprocessing = 0;
		};
/* End PBXSourcesBuildPhase section */

/* Begin PBXTargetDependency section */
		39D9C0AB2A955F1600060665 /* PBXTargetDependency */ = {
			isa = PBXTargetDependency;
			target = 39D9C0942A955F1400060665 /* ShadowsocksClient */;
			targetProxy = 39D9C0AA2A955F1600060665 /* PBXContainerItemProxy */;
		};
		39D9C0B52A955F1600060665 /* PBXTargetDependency */ = {
			isa = PBXTargetDependency;
			target = 39D9C0942A955F1400060665 /* ShadowsocksClient */;
			targetProxy = 39D9C0B42A955F1600060665 /* PBXContainerItemProxy */;
		};
/* End PBXTargetDependency section */

/* Begin XCBuildConfiguration section */
		39D9C0BB2A955F1600060665 /* Debug */ = {
			isa = XCBuildConfiguration;
			buildSettings = {
				ALWAYS_SEARCH_USER_PATHS = NO;
				ASSETCATALOG_COMPILER_GENERATE_SWIFT_ASSET_SYMBOL_EXTENSIONS = YES;
				CLANG_ANALYZER_NONNULL = YES;
				CLANG_ANALYZER_NUMBER_OBJECT_CONVERSION = YES_AGGRESSIVE;
				CLANG_CXX_LANGUAGE_STANDARD = "gnu++20";
				CLANG_ENABLE_MODULES = YES;
				CLANG_ENABLE_OBJC_ARC = YES;
				CLANG_ENABLE_OBJC_WEAK = YES;
				CLANG_WARN_BLOCK_CAPTURE_AUTORELEASING = YES;
				CLANG_WARN_BOOL_CONVERSION = YES;
				CLANG_WARN_COMMA = YES;
				CLANG_WARN_CONSTANT_CONVERSION = YES;
				CLANG_WARN_DEPRECATED_OBJC_IMPLEMENTATIONS = YES;
				CLANG_WARN_DIRECT_OBJC_ISA_USAGE = YES_ERROR;
				CLANG_WARN_DOCUMENTATION_COMMENTS = YES;
				CLANG_WARN_EMPTY_BODY = YES;
				CLANG_WARN_ENUM_CONVERSION = YES;
				CLANG_WARN_INFINITE_RECURSION = YES;
				CLANG_WARN_INT_CONVERSION = YES;
				CLANG_WARN_NON_LITERAL_NULL_CONVERSION = YES;
				CLANG_WARN_OBJC_IMPLICIT_RETAIN_SELF = YES;
				CLANG_WARN_OBJC_LITERAL_CONVERSION = YES;
				CLANG_WARN_OBJC_ROOT_CLASS = YES_ERROR;
				CLANG_WARN_QUOTED_INCLUDE_IN_FRAMEWORK_HEADER = YES;
				CLANG_WARN_RANGE_LOOP_ANALYSIS = YES;
				CLANG_WARN_STRICT_PROTOTYPES = YES;
				CLANG_WARN_SUSPICIOUS_MOVE = YES;
				CLANG_WARN_UNGUARDED_AVAILABILITY = YES_AGGRESSIVE;
				CLANG_WARN_UNREACHABLE_CODE = YES;
				CLANG_WARN__DUPLICATE_METHOD_MATCH = YES;
				COPY_PHASE_STRIP = NO;
				DEBUG_INFORMATION_FORMAT = dwarf;
				ENABLE_STRICT_OBJC_MSGSEND = YES;
				ENABLE_TESTABILITY = YES;
				ENABLE_USER_SCRIPT_SANDBOXING = YES;
				GCC_C_LANGUAGE_STANDARD = gnu17;
				GCC_DYNAMIC_NO_PIC = NO;
				GCC_NO_COMMON_BLOCKS = YES;
				GCC_OPTIMIZATION_LEVEL = 0;
				GCC_PREPROCESSOR_DEFINITIONS = (
					"DEBUG=1",
					"$(inherited)",
				);
				GCC_WARN_64_TO_32_BIT_CONVERSION = YES;
				GCC_WARN_ABOUT_RETURN_TYPE = YES_ERROR;
				GCC_WARN_UNDECLARED_SELECTOR = YES;
				GCC_WARN_UNINITIALIZED_AUTOS = YES_AGGRESSIVE;
				GCC_WARN_UNUSED_FUNCTION = YES;
				GCC_WARN_UNUSED_VARIABLE = YES;
				LOCALIZATION_PREFERS_STRING_CATALOGS = YES;
				MTL_ENABLE_DEBUG_INFO = INCLUDE_SOURCE;
				MTL_FAST_MATH = YES;
				ONLY_ACTIVE_ARCH = YES;
				SWIFT_ACTIVE_COMPILATION_CONDITIONS = "DEBUG $(inherited)";
				SWIFT_OPTIMIZATION_LEVEL = "-Onone";
			};
			name = Debug;
		};
		39D9C0BC2A955F1600060665 /* Release */ = {
			isa = XCBuildConfiguration;
			buildSettings = {
				ALWAYS_SEARCH_USER_PATHS = NO;
				ASSETCATALOG_COMPILER_GENERATE_SWIFT_ASSET_SYMBOL_EXTENSIONS = YES;
				CLANG_ANALYZER_NONNULL = YES;
				CLANG_ANALYZER_NUMBER_OBJECT_CONVERSION = YES_AGGRESSIVE;
				CLANG_CXX_LANGUAGE_STANDARD = "gnu++20";
				CLANG_ENABLE_MODULES = YES;
				CLANG_ENABLE_OBJC_ARC = YES;
				CLANG_ENABLE_OBJC_WEAK = YES;
				CLANG_WARN_BLOCK_CAPTURE_AUTORELEASING = YES;
				CLANG_WARN_BOOL_CONVERSION = YES;
				CLANG_WARN_COMMA = YES;
				CLANG_WARN_CONSTANT_CONVERSION = YES;
				CLANG_WARN_DEPRECATED_OBJC_IMPLEMENTATIONS = YES;
				CLANG_WARN_DIRECT_OBJC_ISA_USAGE = YES_ERROR;
				CLANG_WARN_DOCUMENTATION_COMMENTS = YES;
				CLANG_WARN_EMPTY_BODY = YES;
				CLANG_WARN_ENUM_CONVERSION = YES;
				CLANG_WARN_INFINITE_RECURSION = YES;
				CLANG_WARN_INT_CONVERSION = YES;
				CLANG_WARN_NON_LITERAL_NULL_CONVERSION = YES;
				CLANG_WARN_OBJC_IMPLICIT_RETAIN_SELF = YES;
				CLANG_WARN_OBJC_LITERAL_CONVERSION = YES;
				CLANG_WARN_OBJC_ROOT_CLASS = YES_ERROR;
				CLANG_WARN_QUOTED_INCLUDE_IN_FRAMEWORK_HEADER = YES;
				CLANG_WARN_RANGE_LOOP_ANALYSIS = YES;
				CLANG_WARN_STRICT_PROTOTYPES = YES;
				CLANG_WARN_SUSPICIOUS_MOVE = YES;
				CLANG_WARN_UNGUARDED_AVAILABILITY = YES_AGGRESSIVE;
				CLANG_WARN_UNREACHABLE_CODE = YES;
				CLANG_WARN__DUPLICATE_METHOD_MATCH = YES;
				COPY_PHASE_STRIP = NO;
				DEBUG_INFORMATION_FORMAT = "dwarf-with-dsym";
				ENABLE_NS_ASSERTIONS = NO;
				ENABLE_STRICT_OBJC_MSGSEND = YES;
				ENABLE_USER_SCRIPT_SANDBOXING = YES;
				GCC_C_LANGUAGE_STANDARD = gnu17;
				GCC_NO_COMMON_BLOCKS = YES;
				GCC_WARN_64_TO_32_BIT_CONVERSION = YES;
				GCC_WARN_ABOUT_RETURN_TYPE = YES_ERROR;
				GCC_WARN_UNDECLARED_SELECTOR = YES;
				GCC_WARN_UNINITIALIZED_AUTOS = YES_AGGRESSIVE;
				GCC_WARN_UNUSED_FUNCTION = YES;
				GCC_WARN_UNUSED_VARIABLE = YES;
				LOCALIZATION_PREFERS_STRING_CATALOGS = YES;
				MTL_ENABLE_DEBUG_INFO = NO;
				MTL_FAST_MATH = YES;
				SWIFT_COMPILATION_MODE = wholemodule;
			};
			name = Release;
		};
		39D9C0BE2A955F1600060665 /* Debug */ = {
			isa = XCBuildConfiguration;
			buildSettings = {
				ASSETCATALOG_COMPILER_APPICON_NAME = AppIcon;
				ASSETCATALOG_COMPILER_GLOBAL_ACCENT_COLOR_NAME = AccentColor;
				CODE_SIGN_ENTITLEMENTS = ShadowsocksClient/ShadowsocksClient.entitlements;
				CODE_SIGN_STYLE = Automatic;
				CURRENT_PROJECT_VERSION = 1;
				DEVELOPMENT_ASSET_PATHS = "\"ShadowsocksClient/Preview Content\"";
				DEVELOPMENT_TEAM = D58U3756VU;
				ENABLE_HARDENED_RUNTIME = YES;
				ENABLE_PREVIEWS = YES;
				GENERATE_INFOPLIST_FILE = YES;
				INFOPLIST_FILE = ShadowsocksClient/Info.plist;
				"INFOPLIST_KEY_UIApplicationSceneManifest_Generation[sdk=iphoneos*]" = YES;
				"INFOPLIST_KEY_UIApplicationSceneManifest_Generation[sdk=iphonesimulator*]" = YES;
				"INFOPLIST_KEY_UIApplicationSupportsIndirectInputEvents[sdk=iphoneos*]" = YES;
				"INFOPLIST_KEY_UIApplicationSupportsIndirectInputEvents[sdk=iphonesimulator*]" = YES;
				"INFOPLIST_KEY_UILaunchScreen_Generation[sdk=iphoneos*]" = YES;
				"INFOPLIST_KEY_UILaunchScreen_Generation[sdk=iphonesimulator*]" = YES;
				"INFOPLIST_KEY_UIStatusBarStyle[sdk=iphoneos*]" = UIStatusBarStyleDefault;
				"INFOPLIST_KEY_UIStatusBarStyle[sdk=iphonesimulator*]" = UIStatusBarStyleDefault;
				INFOPLIST_KEY_UISupportedInterfaceOrientations = UIInterfaceOrientationPortrait;
				INFOPLIST_KEY_UISupportedInterfaceOrientations_iPad = "UIInterfaceOrientationLandscapeLeft UIInterfaceOrientationLandscapeRight UIInterfaceOrientationPortrait UIInterfaceOrientationPortraitUpsideDown";
				IPHONEOS_DEPLOYMENT_TARGET = 17.0;
				LD_RUNPATH_SEARCH_PATHS = "@executable_path/Frameworks";
				"LD_RUNPATH_SEARCH_PATHS[sdk=macosx*]" = "@executable_path/../Frameworks";
				MACOSX_DEPLOYMENT_TARGET = 14.0;
				MARKETING_VERSION = 1.0;
				PRODUCT_BUNDLE_IDENTIFIER = com.apriakhin.ShadowsocksClient;
				PRODUCT_NAME = "$(TARGET_NAME)";
				SDKROOT = auto;
				SUPPORTED_PLATFORMS = "iphoneos iphonesimulator macosx";
				SWIFT_EMIT_LOC_STRINGS = YES;
				SWIFT_VERSION = 5.0;
				TARGETED_DEVICE_FAMILY = "1,2";
			};
			name = Debug;
		};
		39D9C0BF2A955F1600060665 /* Release */ = {
			isa = XCBuildConfiguration;
			buildSettings = {
				ASSETCATALOG_COMPILER_APPICON_NAME = AppIcon;
				ASSETCATALOG_COMPILER_GLOBAL_ACCENT_COLOR_NAME = AccentColor;
				CODE_SIGN_ENTITLEMENTS = ShadowsocksClient/ShadowsocksClient.entitlements;
				CODE_SIGN_STYLE = Automatic;
				CURRENT_PROJECT_VERSION = 1;
				DEVELOPMENT_ASSET_PATHS = "\"ShadowsocksClient/Preview Content\"";
				DEVELOPMENT_TEAM = D58U3756VU;
				ENABLE_HARDENED_RUNTIME = YES;
				ENABLE_PREVIEWS = YES;
				GENERATE_INFOPLIST_FILE = YES;
				INFOPLIST_FILE = ShadowsocksClient/Info.plist;
				"INFOPLIST_KEY_UIApplicationSceneManifest_Generation[sdk=iphoneos*]" = YES;
				"INFOPLIST_KEY_UIApplicationSceneManifest_Generation[sdk=iphonesimulator*]" = YES;
				"INFOPLIST_KEY_UIApplicationSupportsIndirectInputEvents[sdk=iphoneos*]" = YES;
				"INFOPLIST_KEY_UIApplicationSupportsIndirectInputEvents[sdk=iphonesimulator*]" = YES;
				"INFOPLIST_KEY_UILaunchScreen_Generation[sdk=iphoneos*]" = YES;
				"INFOPLIST_KEY_UILaunchScreen_Generation[sdk=iphonesimulator*]" = YES;
				"INFOPLIST_KEY_UIStatusBarStyle[sdk=iphoneos*]" = UIStatusBarStyleDefault;
				"INFOPLIST_KEY_UIStatusBarStyle[sdk=iphonesimulator*]" = UIStatusBarStyleDefault;
				INFOPLIST_KEY_UISupportedInterfaceOrientations = UIInterfaceOrientationPortrait;
				INFOPLIST_KEY_UISupportedInterfaceOrientations_iPad = "UIInterfaceOrientationLandscapeLeft UIInterfaceOrientationLandscapeRight UIInterfaceOrientationPortrait UIInterfaceOrientationPortraitUpsideDown";
				IPHONEOS_DEPLOYMENT_TARGET = 17.0;
				LD_RUNPATH_SEARCH_PATHS = "@executable_path/Frameworks";
				"LD_RUNPATH_SEARCH_PATHS[sdk=macosx*]" = "@executable_path/../Frameworks";
				MACOSX_DEPLOYMENT_TARGET = 14.0;
				MARKETING_VERSION = 1.0;
				PRODUCT_BUNDLE_IDENTIFIER = com.apriakhin.ShadowsocksClient;
				PRODUCT_NAME = "$(TARGET_NAME)";
				SDKROOT = auto;
				SUPPORTED_PLATFORMS = "iphoneos iphonesimulator macosx";
				SWIFT_EMIT_LOC_STRINGS = YES;
				SWIFT_VERSION = 5.0;
				TARGETED_DEVICE_FAMILY = "1,2";
			};
			name = Release;
		};
		39D9C0C12A955F1600060665 /* Debug */ = {
			isa = XCBuildConfiguration;
			buildSettings = {
				ALWAYS_EMBED_SWIFT_STANDARD_LIBRARIES = YES;
				BUNDLE_LOADER = "$(TEST_HOST)";
				CODE_SIGN_STYLE = Automatic;
				CURRENT_PROJECT_VERSION = 1;
				DEVELOPMENT_TEAM = D58U3756VU;
				GENERATE_INFOPLIST_FILE = YES;
				IPHONEOS_DEPLOYMENT_TARGET = 17.0;
				MACOSX_DEPLOYMENT_TARGET = 13.5;
				MARKETING_VERSION = 1.0;
				PRODUCT_BUNDLE_IDENTIFIER = com.apriakhin.ShadowsocksClientTests;
				PRODUCT_NAME = "$(TARGET_NAME)";
				SDKROOT = auto;
				SUPPORTED_PLATFORMS = "iphoneos iphonesimulator macosx";
				SWIFT_EMIT_LOC_STRINGS = NO;
				SWIFT_VERSION = 5.0;
				TARGETED_DEVICE_FAMILY = "1,2";
				TEST_HOST = "$(BUILT_PRODUCTS_DIR)/ShadowsocksClient.app/$(BUNDLE_EXECUTABLE_FOLDER_PATH)/ShadowsocksClient";
			};
			name = Debug;
		};
		39D9C0C22A955F1600060665 /* Release */ = {
			isa = XCBuildConfiguration;
			buildSettings = {
				ALWAYS_EMBED_SWIFT_STANDARD_LIBRARIES = YES;
				BUNDLE_LOADER = "$(TEST_HOST)";
				CODE_SIGN_STYLE = Automatic;
				CURRENT_PROJECT_VERSION = 1;
				DEVELOPMENT_TEAM = D58U3756VU;
				GENERATE_INFOPLIST_FILE = YES;
				IPHONEOS_DEPLOYMENT_TARGET = 17.0;
				MACOSX_DEPLOYMENT_TARGET = 13.5;
				MARKETING_VERSION = 1.0;
				PRODUCT_BUNDLE_IDENTIFIER = com.apriakhin.ShadowsocksClientTests;
				PRODUCT_NAME = "$(TARGET_NAME)";
				SDKROOT = auto;
				SUPPORTED_PLATFORMS = "iphoneos iphonesimulator macosx";
				SWIFT_EMIT_LOC_STRINGS = NO;
				SWIFT_VERSION = 5.0;
				TARGETED_DEVICE_FAMILY = "1,2";
				TEST_HOST = "$(BUILT_PRODUCTS_DIR)/ShadowsocksClient.app/$(BUNDLE_EXECUTABLE_FOLDER_PATH)/ShadowsocksClient";
			};
			name = Release;
		};
		39D9C0C42A955F1600060665 /* Debug */ = {
			isa = XCBuildConfiguration;
			buildSettings = {
				ALWAYS_EMBED_SWIFT_STANDARD_LIBRARIES = YES;
				CODE_SIGN_STYLE = Automatic;
				CURRENT_PROJECT_VERSION = 1;
				DEVELOPMENT_TEAM = D58U3756VU;
				GENERATE_INFOPLIST_FILE = YES;
				IPHONEOS_DEPLOYMENT_TARGET = 17.0;
				MACOSX_DEPLOYMENT_TARGET = 13.5;
				MARKETING_VERSION = 1.0;
				PRODUCT_BUNDLE_IDENTIFIER = com.apriakhin.ShadowsocksClientUITests;
				PRODUCT_NAME = "$(TARGET_NAME)";
				SDKROOT = auto;
				SUPPORTED_PLATFORMS = "iphoneos iphonesimulator macosx";
				SWIFT_EMIT_LOC_STRINGS = NO;
				SWIFT_VERSION = 5.0;
				TARGETED_DEVICE_FAMILY = "1,2";
				TEST_TARGET_NAME = ShadowsocksClient;
			};
			name = Debug;
		};
		39D9C0C52A955F1600060665 /* Release */ = {
			isa = XCBuildConfiguration;
			buildSettings = {
				ALWAYS_EMBED_SWIFT_STANDARD_LIBRARIES = YES;
				CODE_SIGN_STYLE = Automatic;
				CURRENT_PROJECT_VERSION = 1;
				DEVELOPMENT_TEAM = D58U3756VU;
				GENERATE_INFOPLIST_FILE = YES;
				IPHONEOS_DEPLOYMENT_TARGET = 17.0;
				MACOSX_DEPLOYMENT_TARGET = 13.5;
				MARKETING_VERSION = 1.0;
				PRODUCT_BUNDLE_IDENTIFIER = com.apriakhin.ShadowsocksClientUITests;
				PRODUCT_NAME = "$(TARGET_NAME)";
				SDKROOT = auto;
				SUPPORTED_PLATFORMS = "iphoneos iphonesimulator macosx";
				SWIFT_EMIT_LOC_STRINGS = NO;
				SWIFT_VERSION = 5.0;
				TARGETED_DEVICE_FAMILY = "1,2";
				TEST_TARGET_NAME = ShadowsocksClient;
			};
			name = Release;
		};
/* End XCBuildConfiguration section */

/* Begin XCConfigurationList section */
		39D9C0902A955F1400060665 /* Build configuration list for PBXProject "ShadowsocksClient" */ = {
			isa = XCConfigurationList;
			buildConfigurations = (
				39D9C0BB2A955F1600060665 /* Debug */,
				39D9C0BC2A955F1600060665 /* Release */,
			);
			defaultConfigurationIsVisible = 0;
			defaultConfigurationName = Release;
		};
		39D9C0BD2A955F1600060665 /* Build configuration list for PBXNativeTarget "ShadowsocksClient" */ = {
			isa = XCConfigurationList;
			buildConfigurations = (
				39D9C0BE2A955F1600060665 /* Debug */,
				39D9C0BF2A955F1600060665 /* Release */,
			);
			defaultConfigurationIsVisible = 0;
			defaultConfigurationName = Release;
		};
		39D9C0C02A955F1600060665 /* Build configuration list for PBXNativeTarget "ShadowsocksClientTests" */ = {
			isa = XCConfigurationList;
			buildConfigurations = (
				39D9C0C12A955F1600060665 /* Debug */,
				39D9C0C22A955F1600060665 /* Release */,
			);
			defaultConfigurationIsVisible = 0;
			defaultConfigurationName = Release;
		};
		39D9C0C32A955F1600060665 /* Build configuration list for PBXNativeTarget "ShadowsocksClientUITests" */ = {
			isa = XCConfigurationList;
			buildConfigurations = (
				39D9C0C42A955F1600060665 /* Debug */,
				39D9C0C52A955F1600060665 /* Release */,
			);
			defaultConfigurationIsVisible = 0;
			defaultConfigurationName = Release;
		};
/* End XCConfigurationList section */
	};
	rootObject = 39D9C08D2A955F1400060665 /* Project object */;
}
